
Microsoft Visual Studio Solution File, Format Version 12.00
# Visual Studio Version 16
VisualStudioVersion = 16.0.30523.141
MinimumVisualStudioVersion = 10.0.40219.1
Project("{FAE04EC0-301F-11D3-BF4B-00C04F79EFBC}") = "sss", "sss.csproj", "{1AF9176F-78B2-498E-B7AE-DAFEF870927E}"
EndProject
Global
	GlobalSection(SolutionConfigurationPlatforms) = preSolution
		Debug|Any CPU = Debug|Any CPU
		Release|Any CPU = Release|Any CPU
	EndGlobalSection
	GlobalSection(ProjectConfigurationPlatforms) = postSolution
		{1AF9176F-78B2-498E-B7AE-DAFEF870927E}.Debug|Any CPU.ActiveCfg = Debug|Any CPU
		{1AF9176F-78B2-498E-B7AE-DAFEF870927E}.Debug|Any CPU.Build.0 = Debug|Any CPU
		{1AF9176F-78B2-498E-B7AE-DAFEF870927E}.Release|Any CPU.ActiveCfg = Release|Any CPU
		{1AF9176F-78B2-498E-B7AE-DAFEF870927E}.Release|Any CPU.Build.0 = Release|Any CPU
	EndGlobalSection
	GlobalSection(SolutionProperties) = preSolution
		HideSolutionNode = FALSE
	EndGlobalSection
	GlobalSection(ExtensibilityGlobals) = postSolution
		SolutionGuid = {975198C0-A31C-4AA6-B592-1AF51E7E4C78}
	EndGlobalSection
EndGlobal
